
Microsoft Visual Studio Solution File, Format Version 12.00
# Visual Studio Version 16
VisualStudioVersion = 16.0.29230.47
MinimumVisualStudioVersion = 10.0.40219.1
Project("{8BC9CEB8-8B4A-11D0-8D11-00A0C91BC942}") = "opengl_0102", "01_02\opengl_0102.vcxproj", "{E4A49604-FD0C-4503-B356-50E034774203}"
EndProject
Project("{8BC9CEB8-8B4A-11D0-8D11-00A0C91BC942}") = "opengl_0103", "01_03\opengl_0103.vcxproj", "{95D7BF92-8C98-4EBC-9B95-79B05A545710}"
EndProject
Project("{8BC9CEB8-8B4A-11D0-8D11-00A0C91BC942}") = "opengl_0101", "01_01\opengl_0101.vcxproj", "{9D579EF0-020F-4DE4-AB58-1A6DE712AA6F}"
EndProject
Project("{8BC9CEB8-8B4A-11D0-8D11-00A0C91BC942}") = "opengl_0104", "01_04\opengl_0104.vcxproj", "{4B09A17C-7033-45B3-84B2-97E34DCBA402}"
EndProject
Project("{8BC9CEB8-8B4A-11D0-8D11-00A0C91BC942}") = "opengl_0105", "01_05\opengl_0105.vcxproj", "{CAE78608-503B-4729-82DD-5FB2CF2B7882}"
EndProject
Project("{8BC9CEB8-8B4A-11D0-8D11-00A0C91BC942}") = "opengl_0106", "01_06\opengl_0106.vcxproj", "{8ABB2D3F-2F47-4577-87A2-3832A62A8320}"
EndProject
Project("{8BC9CEB8-8B4A-11D0-8D11-00A0C91BC942}") = "opengl_0107", "01_07\opengl_0107.vcxproj", "{92113160-D7C7-4402-9D9B-D43E9885B2C3}"
EndProject
Project("{8BC9CEB8-8B4A-11D0-8D11-00A0C91BC942}") = "opengl_0108", "01_08\opengl_0108.vcxproj", "{26AA4880-B16D-4288-B4FC-340A99F1DE24}"
EndProject
Project("{8BC9CEB8-8B4A-11D0-8D11-00A0C91BC942}") = "opengl_0110", "01_10\opengl_0110.vcxproj", "{233F5BCF-8B8F-4397-A836-671557C75AEE}"
EndProject
Project("{8BC9CEB8-8B4A-11D0-8D11-00A0C91BC942}") = "opengl_0111", "01_11\opengl_0111.vcxproj", "{22ADD757-DBEB-4587-91F5-79C4F089EE82}"
EndProject
Project("{8BC9CEB8-8B4A-11D0-8D11-00A0C91BC942}") = "opengl_0112", "01_12\opengl_0112.vcxproj", "{A0946AC9-AEA3-4B70-B1DE-AA5ED12D9B39}"
EndProject
Project("{8BC9CEB8-8B4A-11D0-8D11-00A0C91BC942}") = "opengl_0201", "02_01\opengl_0201.vcxproj", "{338CAF38-BD51-4EEA-9113-F27F1D923B6C}"
EndProject
Project("{8BC9CEB8-8B4A-11D0-8D11-00A0C91BC942}") = "opengl_0113", "01_13\opengl_0113.vcxproj", "{79F00C97-70BB-497E-B341-5C7274471BC9}"
EndProject
Project("{8BC9CEB8-8B4A-11D0-8D11-00A0C91BC942}") = "opengl_0114", "01_14\opengl_0114.vcxproj", "{F1B06130-F8FE-4AFE-9296-43FB99BC740F}"
EndProject
Project("{8BC9CEB8-8B4A-11D0-8D11-00A0C91BC942}") = "opengl_0115", "01_15\opengl_0115.vcxproj", "{B9889B6D-42B5-4BFD-A3D7-A8738898E81B}"
EndProject
Global
	GlobalSection(SolutionConfigurationPlatforms) = preSolution
		Debug|x64 = Debug|x64
		Debug|x86 = Debug|x86
		Release|x64 = Release|x64
		Release|x86 = Release|x86
	EndGlobalSection
	GlobalSection(ProjectConfigurationPlatforms) = postSolution
		{E4A49604-FD0C-4503-B356-50E034774203}.Debug|x64.ActiveCfg = Debug|x64
		{E4A49604-FD0C-4503-B356-50E034774203}.Debug|x64.Build.0 = Debug|x64
		{E4A49604-FD0C-4503-B356-50E034774203}.Debug|x86.ActiveCfg = Debug|Win32
		{E4A49604-FD0C-4503-B356-50E034774203}.Debug|x86.Build.0 = Debug|Win32
		{E4A49604-FD0C-4503-B356-50E034774203}.Release|x64.ActiveCfg = Release|x64
		{E4A49604-FD0C-4503-B356-50E034774203}.Release|x64.Build.0 = Release|x64
		{E4A49604-FD0C-4503-B356-50E034774203}.Release|x86.ActiveCfg = Release|Win32
		{E4A49604-FD0C-4503-B356-50E034774203}.Release|x86.Build.0 = Release|Win32
		{95D7BF92-8C98-4EBC-9B95-79B05A545710}.Debug|x64.ActiveCfg = Debug|x64
		{95D7BF92-8C98-4EBC-9B95-79B05A545710}.Debug|x64.Build.0 = Debug|x64
		{95D7BF92-8C98-4EBC-9B95-79B05A545710}.Debug|x86.ActiveCfg = Debug|Win32
		{95D7BF92-8C98-4EBC-9B95-79B05A545710}.Debug|x86.Build.0 = Debug|Win32
		{95D7BF92-8C98-4EBC-9B95-79B05A545710}.Release|x64.ActiveCfg = Release|x64
		{95D7BF92-8C98-4EBC-9B95-79B05A545710}.Release|x64.Build.0 = Release|x64
		{95D7BF92-8C98-4EBC-9B95-79B05A545710}.Release|x86.ActiveCfg = Release|Win32
		{95D7BF92-8C98-4EBC-9B95-79B05A545710}.Release|x86.Build.0 = Release|Win32
		{9D579EF0-020F-4DE4-AB58-1A6DE712AA6F}.Debug|x64.ActiveCfg = Debug|x64
		{9D579EF0-020F-4DE4-AB58-1A6DE712AA6F}.Debug|x64.Build.0 = Debug|x64
		{9D579EF0-020F-4DE4-AB58-1A6DE712AA6F}.Debug|x86.ActiveCfg = Debug|Win32
		{9D579EF0-020F-4DE4-AB58-1A6DE712AA6F}.Debug|x86.Build.0 = Debug|Win32
		{9D579EF0-020F-4DE4-AB58-1A6DE712AA6F}.Release|x64.ActiveCfg = Release|x64
		{9D579EF0-020F-4DE4-AB58-1A6DE712AA6F}.Release|x64.Build.0 = Release|x64
		{9D579EF0-020F-4DE4-AB58-1A6DE712AA6F}.Release|x86.ActiveCfg = Release|Win32
		{9D579EF0-020F-4DE4-AB58-1A6DE712AA6F}.Release|x86.Build.0 = Release|Win32
		{4B09A17C-7033-45B3-84B2-97E34DCBA402}.Debug|x64.ActiveCfg = Debug|x64
		{4B09A17C-7033-45B3-84B2-97E34DCBA402}.Debug|x64.Build.0 = Debug|x64
		{4B09A17C-7033-45B3-84B2-97E34DCBA402}.Debug|x86.ActiveCfg = Debug|Win32
		{4B09A17C-7033-45B3-84B2-97E34DCBA402}.Debug|x86.Build.0 = Debug|Win32
		{4B09A17C-7033-45B3-84B2-97E34DCBA402}.Release|x64.ActiveCfg = Release|x64
		{4B09A17C-7033-45B3-84B2-97E34DCBA402}.Release|x64.Build.0 = Release|x64
		{4B09A17C-7033-45B3-84B2-97E34DCBA402}.Release|x86.ActiveCfg = Release|Win32
		{4B09A17C-7033-45B3-84B2-97E34DCBA402}.Release|x86.Build.0 = Release|Win32
		{CAE78608-503B-4729-82DD-5FB2CF2B7882}.Debug|x64.ActiveCfg = Debug|x64
		{CAE78608-503B-4729-82DD-5FB2CF2B7882}.Debug|x64.Build.0 = Debug|x64
		{CAE78608-503B-4729-82DD-5FB2CF2B7882}.Debug|x86.ActiveCfg = Debug|Win32
		{CAE78608-503B-4729-82DD-5FB2CF2B7882}.Debug|x86.Build.0 = Debug|Win32
		{CAE78608-503B-4729-82DD-5FB2CF2B7882}.Release|x64.ActiveCfg = Release|x64
		{CAE78608-503B-4729-82DD-5FB2CF2B7882}.Release|x64.Build.0 = Release|x64
		{CAE78608-503B-4729-82DD-5FB2CF2B7882}.Release|x86.ActiveCfg = Release|Win32
		{CAE78608-503B-4729-82DD-5FB2CF2B7882}.Release|x86.Build.0 = Release|Win32
		{8ABB2D3F-2F47-4577-87A2-3832A62A8320}.Debug|x64.ActiveCfg = Debug|x64
		{8ABB2D3F-2F47-4577-87A2-3832A62A8320}.Debug|x64.Build.0 = Debug|x64
		{8ABB2D3F-2F47-4577-87A2-3832A62A8320}.Debug|x86.ActiveCfg = Debug|Win32
		{8ABB2D3F-2F47-4577-87A2-3832A62A8320}.Debug|x86.Build.0 = Debug|Win32
		{8ABB2D3F-2F47-4577-87A2-3832A62A8320}.Release|x64.ActiveCfg = Release|x64
		{8ABB2D3F-2F47-4577-87A2-3832A62A8320}.Release|x64.Build.0 = Release|x64
		{8ABB2D3F-2F47-4577-87A2-3832A62A8320}.Release|x86.ActiveCfg = Release|Win32
		{8ABB2D3F-2F47-4577-87A2-3832A62A8320}.Release|x86.Build.0 = Release|Win32
		{92113160-D7C7-4402-9D9B-D43E9885B2C3}.Debug|x64.ActiveCfg = Debug|x64
		{92113160-D7C7-4402-9D9B-D43E9885B2C3}.Debug|x64.Build.0 = Debug|x64
		{92113160-D7C7-4402-9D9B-D43E9885B2C3}.Debug|x86.ActiveCfg = Debug|Win32
		{92113160-D7C7-4402-9D9B-D43E9885B2C3}.Debug|x86.Build.0 = Debug|Win32
		{92113160-D7C7-4402-9D9B-D43E9885B2C3}.Release|x64.ActiveCfg = Release|x64
		{92113160-D7C7-4402-9D9B-D43E9885B2C3}.Release|x64.Build.0 = Release|x64
		{92113160-D7C7-4402-9D9B-D43E9885B2C3}.Release|x86.ActiveCfg = Release|Win32
		{92113160-D7C7-4402-9D9B-D43E9885B2C3}.Release|x86.Build.0 = Release|Win32
		{26AA4880-B16D-4288-B4FC-340A99F1DE24}.Debug|x64.ActiveCfg = Debug|x64
		{26AA4880-B16D-4288-B4FC-340A99F1DE24}.Debug|x64.Build.0 = Debug|x64
		{26AA4880-B16D-4288-B4FC-340A99F1DE24}.Debug|x86.ActiveCfg = Debug|Win32
		{26AA4880-B16D-4288-B4FC-340A99F1DE24}.Debug|x86.Build.0 = Debug|Win32
		{26AA4880-B16D-4288-B4FC-340A99F1DE24}.Release|x64.ActiveCfg = Release|x64
		{26AA4880-B16D-4288-B4FC-340A99F1DE24}.Release|x64.Build.0 = Release|x64
		{26AA4880-B16D-4288-B4FC-340A99F1DE24}.Release|x86.ActiveCfg = Release|Win32
		{26AA4880-B16D-4288-B4FC-340A99F1DE24}.Release|x86.Build.0 = Release|Win32
		{233F5BCF-8B8F-4397-A836-671557C75AEE}.Debug|x64.ActiveCfg = Debug|x64
		{233F5BCF-8B8F-4397-A836-671557C75AEE}.Debug|x64.Build.0 = Debug|x64
		{233F5BCF-8B8F-4397-A836-671557C75AEE}.Debug|x86.ActiveCfg = Debug|Win32
		{233F5BCF-8B8F-4397-A836-671557C75AEE}.Debug|x86.Build.0 = Debug|Win32
		{233F5BCF-8B8F-4397-A836-671557C75AEE}.Release|x64.ActiveCfg = Release|x64
		{233F5BCF-8B8F-4397-A836-671557C75AEE}.Release|x64.Build.0 = Release|x64
		{233F5BCF-8B8F-4397-A836-671557C75AEE}.Release|x86.ActiveCfg = Release|Win32
		{233F5BCF-8B8F-4397-A836-671557C75AEE}.Release|x86.Build.0 = Release|Win32
		{22ADD757-DBEB-4587-91F5-79C4F089EE82}.Debug|x64.ActiveCfg = Debug|x64
		{22ADD757-DBEB-4587-91F5-79C4F089EE82}.Debug|x64.Build.0 = Debug|x64
		{22ADD757-DBEB-4587-91F5-79C4F089EE82}.Debug|x86.ActiveCfg = Debug|Win32
		{22ADD757-DBEB-4587-91F5-79C4F089EE82}.Debug|x86.Build.0 = Debug|Win32
		{22ADD757-DBEB-4587-91F5-79C4F089EE82}.Release|x64.ActiveCfg = Release|x64
		{22ADD757-DBEB-4587-91F5-79C4F089EE82}.Release|x64.Build.0 = Release|x64
		{22ADD757-DBEB-4587-91F5-79C4F089EE82}.Release|x86.ActiveCfg = Release|Win32
		{22ADD757-DBEB-4587-91F5-79C4F089EE82}.Release|x86.Build.0 = Release|Win32
		{A0946AC9-AEA3-4B70-B1DE-AA5ED12D9B39}.Debug|x64.ActiveCfg = Debug|x64
		{A0946AC9-AEA3-4B70-B1DE-AA5ED12D9B39}.Debug|x64.Build.0 = Debug|x64
		{A0946AC9-AEA3-4B70-B1DE-AA5ED12D9B39}.Debug|x86.ActiveCfg = Debug|Win32
		{A0946AC9-AEA3-4B70-B1DE-AA5ED12D9B39}.Debug|x86.Build.0 = Debug|Win32
		{A0946AC9-AEA3-4B70-B1DE-AA5ED12D9B39}.Release|x64.ActiveCfg = Release|x64
		{A0946AC9-AEA3-4B70-B1DE-AA5ED12D9B39}.Release|x64.Build.0 = Release|x64
		{A0946AC9-AEA3-4B70-B1DE-AA5ED12D9B39}.Release|x86.ActiveCfg = Release|Win32
		{A0946AC9-AEA3-4B70-B1DE-AA5ED12D9B39}.Release|x86.Build.0 = Release|Win32
		{338CAF38-BD51-4EEA-9113-F27F1D923B6C}.Debug|x64.ActiveCfg = Debug|x64
		{338CAF38-BD51-4EEA-9113-F27F1D923B6C}.Debug|x64.Build.0 = Debug|x64
		{338CAF38-BD51-4EEA-9113-F27F1D923B6C}.Debug|x86.ActiveCfg = Debug|Win32
		{338CAF38-BD51-4EEA-9113-F27F1D923B6C}.Debug|x86.Build.0 = Debug|Win32
		{338CAF38-BD51-4EEA-9113-F27F1D923B6C}.Release|x64.ActiveCfg = Release|x64
		{338CAF38-BD51-4EEA-9113-F27F1D923B6C}.Release|x64.Build.0 = Release|x64
		{338CAF38-BD51-4EEA-9113-F27F1D923B6C}.Release|x86.ActiveCfg = Release|Win32
		{338CAF38-BD51-4EEA-9113-F27F1D923B6C}.Release|x86.Build.0 = Release|Win32
		{79F00C97-70BB-497E-B341-5C7274471BC9}.Debug|x64.ActiveCfg = Debug|x64
		{79F00C97-70BB-497E-B341-5C7274471BC9}.Debug|x64.Build.0 = Debug|x64
		{79F00C97-70BB-497E-B341-5C7274471BC9}.Debug|x86.ActiveCfg = Debug|Win32
		{79F00C97-70BB-497E-B341-5C7274471BC9}.Debug|x86.Build.0 = Debug|Win32
		{79F00C97-70BB-497E-B341-5C7274471BC9}.Release|x64.ActiveCfg = Release|x64
		{79F00C97-70BB-497E-B341-5C7274471BC9}.Release|x64.Build.0 = Release|x64
		{79F00C97-70BB-497E-B341-5C7274471BC9}.Release|x86.ActiveCfg = Release|Win32
		{79F00C97-70BB-497E-B341-5C7274471BC9}.Release|x86.Build.0 = Release|Win32
		{F1B06130-F8FE-4AFE-9296-43FB99BC740F}.Debug|x64.ActiveCfg = Debug|x64
		{F1B06130-F8FE-4AFE-9296-43FB99BC740F}.Debug|x64.Build.0 = Debug|x64
		{F1B06130-F8FE-4AFE-9296-43FB99BC740F}.Debug|x86.ActiveCfg = Debug|Win32
		{F1B06130-F8FE-4AFE-9296-43FB99BC740F}.Debug|x86.Build.0 = Debug|Win32
		{F1B06130-F8FE-4AFE-9296-43FB99BC740F}.Release|x64.ActiveCfg = Release|x64
		{F1B06130-F8FE-4AFE-9296-43FB99BC740F}.Release|x64.Build.0 = Release|x64
		{F1B06130-F8FE-4AFE-9296-43FB99BC740F}.Release|x86.ActiveCfg = Release|Win32
		{F1B06130-F8FE-4AFE-9296-43FB99BC740F}.Release|x86.Build.0 = Release|Win32
		{B9889B6D-42B5-4BFD-A3D7-A8738898E81B}.Debug|x64.ActiveCfg = Debug|x64
		{B9889B6D-42B5-4BFD-A3D7-A8738898E81B}.Debug|x64.Build.0 = Debug|x64
		{B9889B6D-42B5-4BFD-A3D7-A8738898E81B}.Debug|x86.ActiveCfg = Debug|Win32
		{B9889B6D-42B5-4BFD-A3D7-A8738898E81B}.Debug|x86.Build.0 = Debug|Win32
		{B9889B6D-42B5-4BFD-A3D7-A8738898E81B}.Release|x64.ActiveCfg = Release|x64
		{B9889B6D-42B5-4BFD-A3D7-A8738898E81B}.Release|x64.Build.0 = Release|x64
		{B9889B6D-42B5-4BFD-A3D7-A8738898E81B}.Release|x86.ActiveCfg = Release|Win32
		{B9889B6D-42B5-4BFD-A3D7-A8738898E81B}.Release|x86.Build.0 = Release|Win32
	EndGlobalSection
	GlobalSection(SolutionProperties) = preSolution
		HideSolutionNode = FALSE
	EndGlobalSection
	GlobalSection(ExtensibilityGlobals) = postSolution
		SolutionGuid = {ACB2B659-C431-4CB6-802C-33409AA4F801}
	EndGlobalSection
EndGlobal
